
Microsoft Visual Studio Solution File, Format Version 12.00
# Visual Studio Version 17
VisualStudioVersion = 17.2.32526.322
MinimumVisualStudioVersion = 10.0.40219.1
Project("{2150E333-8FDC-42A3-9474-1A3956D46DE8}") = "src", "src", "{21C79F53-B155-4524-B72C-13983255644B}"
EndProject
Project("{2150E333-8FDC-42A3-9474-1A3956D46DE8}") = "Modules", "Modules", "{8C8326FA-C2EA-40A4-93E4-CA526EA0B510}"
EndProject
Project("{2150E333-8FDC-42A3-9474-1A3956D46DE8}") = "Comments", "Comments", "{076393E1-3A44-4539-B1DB-CD0C5A15876A}"
EndProject
Project("{9A19103F-16F7-4668-BE54-9A1E7A4F7556}") = "Comments.Domain", "src\Modules\Comments\Comments.Domain\Comments.Domain.csproj", "{B2D3FFD0-DFA5-4B51-A774-EEA691DD6B38}"
EndProject
Project("{2150E333-8FDC-42A3-9474-1A3956D46DE8}") = "Common", "Common", "{10434D78-0310-4058-B154-BF499658D2FD}"
EndProject
Project("{9A19103F-16F7-4668-BE54-9A1E7A4F7556}") = "Common.Domain", "src\Common\Common.Domain\Common.Domain.csproj", "{3F3F6BB8-92E4-403A-9308-8134B37393C3}"
EndProject
Project("{9A19103F-16F7-4668-BE54-9A1E7A4F7556}") = "Comments.Infrastructure", "src\Modules\Comments\Comments.Infrastructure\Comments.Infrastructure.csproj", "{1462943E-EDD4-419F-B032-1DCAB12C2E6B}"
EndProject
Project("{9A19103F-16F7-4668-BE54-9A1E7A4F7556}") = "Comments.Application", "src\Modules\Comments\Comments.Application\Comments.Application.csproj", "{DE5EB662-B2D0-49F1-9A87-07872E5FCB78}"
EndProject
Project("{9A19103F-16F7-4668-BE54-9A1E7A4F7556}") = "Comments.Api", "src\Modules\Comments\Comments.Api\Comments.Api.csproj", "{044E9E4B-5189-4616-8162-67714B3D2365}"
EndProject
Project("{9A19103F-16F7-4668-BE54-9A1E7A4F7556}") = "Common.Infrastructure", "src\Common\Common.Infrastructure\Common.Infrastructure.csproj", "{CB69D19D-6661-424D-99A4-EBF49954DCDC}"
EndProject
Project("{9A19103F-16F7-4668-BE54-9A1E7A4F7556}") = "Common.Application", "src\Common\Common.Application\Common.Application.csproj", "{870A3073-8E95-44D3-9F77-DF2CAD80060C}"
EndProject
Project("{2150E333-8FDC-42A3-9474-1A3956D46DE8}") = "Movies", "Movies", "{7B392829-F60B-4949-AE35-D05C66AE499D}"
EndProject
Project("{9A19103F-16F7-4668-BE54-9A1E7A4F7556}") = "Movies.Domain", "src\Modules\Movies\Movies.Domain\Movies.Domain.csproj", "{7D9191A0-D83E-400A-8877-CA10C89AA9A7}"
EndProject
Project("{9A19103F-16F7-4668-BE54-9A1E7A4F7556}") = "Movies.Infrastructure", "src\Modules\Movies\Movies.Infrastructure\Movies.Infrastructure.csproj", "{BB552624-B5EA-4AB1-99C2-1F7EC0438E1F}"
EndProject
Project("{9A19103F-16F7-4668-BE54-9A1E7A4F7556}") = "Movies.Api", "src\Modules\Movies\Movies.Api\Movies.Api.csproj", "{625DC721-A2B4-4517-820F-A09C60E40E29}"
EndProject
Project("{2150E333-8FDC-42A3-9474-1A3956D46DE8}") = "Users", "Users", "{F8025CE8-DAF2-484C-A18A-C09BB95FA28D}"
EndProject
Project("{9A19103F-16F7-4668-BE54-9A1E7A4F7556}") = "Users.Domain", "src\Modules\Users\Users.Domain\Users.Domain.csproj", "{062437A4-1888-4590-A02E-D7FD66BFEF95}"
EndProject
Project("{9A19103F-16F7-4668-BE54-9A1E7A4F7556}") = "Users.Application", "src\Modules\Users\Users.Application\Users.Application.csproj", "{50B7F8B4-831A-416B-A5D8-F6CBED9FAF89}"
EndProject
Project("{9A19103F-16F7-4668-BE54-9A1E7A4F7556}") = "Users.Infrastructure", "src\Modules\Users\Users.Infrastructure\Users.Infrastructure.csproj", "{B5FA664A-F464-47E5-99F0-4282DF97D373}"
EndProject
Project("{9A19103F-16F7-4668-BE54-9A1E7A4F7556}") = "Users.Api", "src\Modules\Users\Users.Api\Users.Api.csproj", "{CF4AEFC9-FB09-4C2E-A736-58526B434CB6}"
EndProject
Project("{2150E333-8FDC-42A3-9474-1A3956D46DE8}") = "Gateway", "Gateway", "{C28C3D71-A784-4E4F-8687-EDB663948DD4}"
EndProject
Project("{9A19103F-16F7-4668-BE54-9A1E7A4F7556}") = "ApiGateway", "src\Gateway\ApiGateway\ApiGateway.csproj", "{52EF2C5B-FBB3-4886-8631-9797443429DD}"
EndProject
Project("{9A19103F-16F7-4668-BE54-9A1E7A4F7556}") = "Movies.Application", "src\Modules\Movies\Movies.Application\Movies.Application.csproj", "{783CFD6A-2759-4F54-B0FA-D588D510F638}"
EndProject
Project("{2150E333-8FDC-42A3-9474-1A3956D46DE8}") = "Reviews", "Reviews", "{C8E1D205-FFF3-4505-9D75-9110D4D1B50D}"
EndProject
Project("{9A19103F-16F7-4668-BE54-9A1E7A4F7556}") = "Reviews.Domain", "src\Modules\Reviews\Reviews.Domain\Reviews.Domain.csproj", "{B7714E64-29B0-4841-AE76-8FC28E04E983}"
EndProject
Project("{9A19103F-16F7-4668-BE54-9A1E7A4F7556}") = "Reviews.Application", "src\Modules\Reviews\Reviews.Application\Reviews.Application.csproj", "{D2A1B3AB-72CA-43D1-A0B3-14BC4566884C}"
EndProject
Project("{9A19103F-16F7-4668-BE54-9A1E7A4F7556}") = "Reviews.Api", "src\Modules\Reviews\Reviews.Api\Reviews.Api.csproj", "{AD3DFE16-BBAF-481B-BCD7-6C55308F457B}"
EndProject
Project("{9A19103F-16F7-4668-BE54-9A1E7A4F7556}") = "Reviews.Infrastructure", "src\Modules\Reviews\Reviews.Infrastructure\Reviews.Infrastructure.csproj", "{054B0F4C-19C7-4FC5-A399-11A6FFE2B769}"
EndProject
Project("{2150E333-8FDC-42A3-9474-1A3956D46DE8}") = "Images", "Images", "{856D3BAD-6F13-471C-B8A6-39BA1161619D}"
EndProject
Project("{FAE04EC0-301F-11D3-BF4B-00C04F79EFBC}") = "Images.Api", "src\Modules\Images\Images.Api\Images.Api.csproj", "{26732511-3C8B-4E14-8B8D-A881758F680C}"
EndProject
Global
	GlobalSection(SolutionConfigurationPlatforms) = preSolution
		Debug|Any CPU = Debug|Any CPU
		Release|Any CPU = Release|Any CPU
	EndGlobalSection
	GlobalSection(ProjectConfigurationPlatforms) = postSolution
		{B2D3FFD0-DFA5-4B51-A774-EEA691DD6B38}.Debug|Any CPU.ActiveCfg = Debug|Any CPU
		{B2D3FFD0-DFA5-4B51-A774-EEA691DD6B38}.Debug|Any CPU.Build.0 = Debug|Any CPU
		{B2D3FFD0-DFA5-4B51-A774-EEA691DD6B38}.Release|Any CPU.ActiveCfg = Release|Any CPU
		{B2D3FFD0-DFA5-4B51-A774-EEA691DD6B38}.Release|Any CPU.Build.0 = Release|Any CPU
		{3F3F6BB8-92E4-403A-9308-8134B37393C3}.Debug|Any CPU.ActiveCfg = Debug|Any CPU
		{3F3F6BB8-92E4-403A-9308-8134B37393C3}.Debug|Any CPU.Build.0 = Debug|Any CPU
		{3F3F6BB8-92E4-403A-9308-8134B37393C3}.Release|Any CPU.ActiveCfg = Release|Any CPU
		{3F3F6BB8-92E4-403A-9308-8134B37393C3}.Release|Any CPU.Build.0 = Release|Any CPU
		{1462943E-EDD4-419F-B032-1DCAB12C2E6B}.Debug|Any CPU.ActiveCfg = Debug|Any CPU
		{1462943E-EDD4-419F-B032-1DCAB12C2E6B}.Debug|Any CPU.Build.0 = Debug|Any CPU
		{1462943E-EDD4-419F-B032-1DCAB12C2E6B}.Release|Any CPU.ActiveCfg = Release|Any CPU
		{1462943E-EDD4-419F-B032-1DCAB12C2E6B}.Release|Any CPU.Build.0 = Release|Any CPU
		{DE5EB662-B2D0-49F1-9A87-07872E5FCB78}.Debug|Any CPU.ActiveCfg = Debug|Any CPU
		{DE5EB662-B2D0-49F1-9A87-07872E5FCB78}.Debug|Any CPU.Build.0 = Debug|Any CPU
		{DE5EB662-B2D0-49F1-9A87-07872E5FCB78}.Release|Any CPU.ActiveCfg = Release|Any CPU
		{DE5EB662-B2D0-49F1-9A87-07872E5FCB78}.Release|Any CPU.Build.0 = Release|Any CPU
		{044E9E4B-5189-4616-8162-67714B3D2365}.Debug|Any CPU.ActiveCfg = Debug|Any CPU
		{044E9E4B-5189-4616-8162-67714B3D2365}.Debug|Any CPU.Build.0 = Debug|Any CPU
		{044E9E4B-5189-4616-8162-67714B3D2365}.Release|Any CPU.ActiveCfg = Release|Any CPU
		{044E9E4B-5189-4616-8162-67714B3D2365}.Release|Any CPU.Build.0 = Release|Any CPU
		{CB69D19D-6661-424D-99A4-EBF49954DCDC}.Debug|Any CPU.ActiveCfg = Debug|Any CPU
		{CB69D19D-6661-424D-99A4-EBF49954DCDC}.Debug|Any CPU.Build.0 = Debug|Any CPU
		{CB69D19D-6661-424D-99A4-EBF49954DCDC}.Release|Any CPU.ActiveCfg = Release|Any CPU
		{CB69D19D-6661-424D-99A4-EBF49954DCDC}.Release|Any CPU.Build.0 = Release|Any CPU
		{870A3073-8E95-44D3-9F77-DF2CAD80060C}.Debug|Any CPU.ActiveCfg = Debug|Any CPU
		{870A3073-8E95-44D3-9F77-DF2CAD80060C}.Debug|Any CPU.Build.0 = Debug|Any CPU
		{870A3073-8E95-44D3-9F77-DF2CAD80060C}.Release|Any CPU.ActiveCfg = Release|Any CPU
		{870A3073-8E95-44D3-9F77-DF2CAD80060C}.Release|Any CPU.Build.0 = Release|Any CPU
		{7D9191A0-D83E-400A-8877-CA10C89AA9A7}.Debug|Any CPU.ActiveCfg = Debug|Any CPU
		{7D9191A0-D83E-400A-8877-CA10C89AA9A7}.Debug|Any CPU.Build.0 = Debug|Any CPU
		{7D9191A0-D83E-400A-8877-CA10C89AA9A7}.Release|Any CPU.ActiveCfg = Release|Any CPU
		{7D9191A0-D83E-400A-8877-CA10C89AA9A7}.Release|Any CPU.Build.0 = Release|Any CPU
		{BB552624-B5EA-4AB1-99C2-1F7EC0438E1F}.Debug|Any CPU.ActiveCfg = Debug|Any CPU
		{BB552624-B5EA-4AB1-99C2-1F7EC0438E1F}.Debug|Any CPU.Build.0 = Debug|Any CPU
		{BB552624-B5EA-4AB1-99C2-1F7EC0438E1F}.Release|Any CPU.ActiveCfg = Release|Any CPU
		{BB552624-B5EA-4AB1-99C2-1F7EC0438E1F}.Release|Any CPU.Build.0 = Release|Any CPU
		{625DC721-A2B4-4517-820F-A09C60E40E29}.Debug|Any CPU.ActiveCfg = Debug|Any CPU
		{625DC721-A2B4-4517-820F-A09C60E40E29}.Debug|Any CPU.Build.0 = Debug|Any CPU
		{625DC721-A2B4-4517-820F-A09C60E40E29}.Release|Any CPU.ActiveCfg = Release|Any CPU
		{625DC721-A2B4-4517-820F-A09C60E40E29}.Release|Any CPU.Build.0 = Release|Any CPU
		{062437A4-1888-4590-A02E-D7FD66BFEF95}.Debug|Any CPU.ActiveCfg = Debug|Any CPU
		{062437A4-1888-4590-A02E-D7FD66BFEF95}.Debug|Any CPU.Build.0 = Debug|Any CPU
		{062437A4-1888-4590-A02E-D7FD66BFEF95}.Release|Any CPU.ActiveCfg = Release|Any CPU
		{062437A4-1888-4590-A02E-D7FD66BFEF95}.Release|Any CPU.Build.0 = Release|Any CPU
		{50B7F8B4-831A-416B-A5D8-F6CBED9FAF89}.Debug|Any CPU.ActiveCfg = Debug|Any CPU
		{50B7F8B4-831A-416B-A5D8-F6CBED9FAF89}.Debug|Any CPU.Build.0 = Debug|Any CPU
		{50B7F8B4-831A-416B-A5D8-F6CBED9FAF89}.Release|Any CPU.ActiveCfg = Release|Any CPU
		{50B7F8B4-831A-416B-A5D8-F6CBED9FAF89}.Release|Any CPU.Build.0 = Release|Any CPU
		{B5FA664A-F464-47E5-99F0-4282DF97D373}.Debug|Any CPU.ActiveCfg = Debug|Any CPU
		{B5FA664A-F464-47E5-99F0-4282DF97D373}.Debug|Any CPU.Build.0 = Debug|Any CPU
		{B5FA664A-F464-47E5-99F0-4282DF97D373}.Release|Any CPU.ActiveCfg = Release|Any CPU
		{B5FA664A-F464-47E5-99F0-4282DF97D373}.Release|Any CPU.Build.0 = Release|Any CPU
		{CF4AEFC9-FB09-4C2E-A736-58526B434CB6}.Debug|Any CPU.ActiveCfg = Debug|Any CPU
		{CF4AEFC9-FB09-4C2E-A736-58526B434CB6}.Debug|Any CPU.Build.0 = Debug|Any CPU
		{CF4AEFC9-FB09-4C2E-A736-58526B434CB6}.Release|Any CPU.ActiveCfg = Release|Any CPU
		{CF4AEFC9-FB09-4C2E-A736-58526B434CB6}.Release|Any CPU.Build.0 = Release|Any CPU
		{52EF2C5B-FBB3-4886-8631-9797443429DD}.Debug|Any CPU.ActiveCfg = Debug|Any CPU
		{52EF2C5B-FBB3-4886-8631-9797443429DD}.Debug|Any CPU.Build.0 = Debug|Any CPU
		{52EF2C5B-FBB3-4886-8631-9797443429DD}.Release|Any CPU.ActiveCfg = Release|Any CPU
		{52EF2C5B-FBB3-4886-8631-9797443429DD}.Release|Any CPU.Build.0 = Release|Any CPU
		{783CFD6A-2759-4F54-B0FA-D588D510F638}.Debug|Any CPU.ActiveCfg = Debug|Any CPU
		{783CFD6A-2759-4F54-B0FA-D588D510F638}.Debug|Any CPU.Build.0 = Debug|Any CPU
		{783CFD6A-2759-4F54-B0FA-D588D510F638}.Release|Any CPU.ActiveCfg = Release|Any CPU
		{783CFD6A-2759-4F54-B0FA-D588D510F638}.Release|Any CPU.Build.0 = Release|Any CPU
		{B7714E64-29B0-4841-AE76-8FC28E04E983}.Debug|Any CPU.ActiveCfg = Debug|Any CPU
		{B7714E64-29B0-4841-AE76-8FC28E04E983}.Debug|Any CPU.Build.0 = Debug|Any CPU
		{B7714E64-29B0-4841-AE76-8FC28E04E983}.Release|Any CPU.ActiveCfg = Release|Any CPU
		{B7714E64-29B0-4841-AE76-8FC28E04E983}.Release|Any CPU.Build.0 = Release|Any CPU
		{D2A1B3AB-72CA-43D1-A0B3-14BC4566884C}.Debug|Any CPU.ActiveCfg = Debug|Any CPU
		{D2A1B3AB-72CA-43D1-A0B3-14BC4566884C}.Debug|Any CPU.Build.0 = Debug|Any CPU
		{D2A1B3AB-72CA-43D1-A0B3-14BC4566884C}.Release|Any CPU.ActiveCfg = Release|Any CPU
		{D2A1B3AB-72CA-43D1-A0B3-14BC4566884C}.Release|Any CPU.Build.0 = Release|Any CPU
		{AD3DFE16-BBAF-481B-BCD7-6C55308F457B}.Debug|Any CPU.ActiveCfg = Debug|Any CPU
		{AD3DFE16-BBAF-481B-BCD7-6C55308F457B}.Debug|Any CPU.Build.0 = Debug|Any CPU
		{AD3DFE16-BBAF-481B-BCD7-6C55308F457B}.Release|Any CPU.ActiveCfg = Release|Any CPU
		{AD3DFE16-BBAF-481B-BCD7-6C55308F457B}.Release|Any CPU.Build.0 = Release|Any CPU
		{054B0F4C-19C7-4FC5-A399-11A6FFE2B769}.Debug|Any CPU.ActiveCfg = Debug|Any CPU
		{054B0F4C-19C7-4FC5-A399-11A6FFE2B769}.Debug|Any CPU.Build.0 = Debug|Any CPU
		{054B0F4C-19C7-4FC5-A399-11A6FFE2B769}.Release|Any CPU.ActiveCfg = Release|Any CPU
		{054B0F4C-19C7-4FC5-A399-11A6FFE2B769}.Release|Any CPU.Build.0 = Release|Any CPU
		{26732511-3C8B-4E14-8B8D-A881758F680C}.Debug|Any CPU.ActiveCfg = Debug|Any CPU
		{26732511-3C8B-4E14-8B8D-A881758F680C}.Debug|Any CPU.Build.0 = Debug|Any CPU
		{26732511-3C8B-4E14-8B8D-A881758F680C}.Release|Any CPU.ActiveCfg = Release|Any CPU
		{26732511-3C8B-4E14-8B8D-A881758F680C}.Release|Any CPU.Build.0 = Release|Any CPU
	EndGlobalSection
	GlobalSection(SolutionProperties) = preSolution
		HideSolutionNode = FALSE
	EndGlobalSection
	GlobalSection(NestedProjects) = preSolution
		{8C8326FA-C2EA-40A4-93E4-CA526EA0B510} = {21C79F53-B155-4524-B72C-13983255644B}
		{076393E1-3A44-4539-B1DB-CD0C5A15876A} = {8C8326FA-C2EA-40A4-93E4-CA526EA0B510}
		{B2D3FFD0-DFA5-4B51-A774-EEA691DD6B38} = {076393E1-3A44-4539-B1DB-CD0C5A15876A}
		{10434D78-0310-4058-B154-BF499658D2FD} = {21C79F53-B155-4524-B72C-13983255644B}
		{3F3F6BB8-92E4-403A-9308-8134B37393C3} = {10434D78-0310-4058-B154-BF499658D2FD}
		{1462943E-EDD4-419F-B032-1DCAB12C2E6B} = {076393E1-3A44-4539-B1DB-CD0C5A15876A}
		{DE5EB662-B2D0-49F1-9A87-07872E5FCB78} = {076393E1-3A44-4539-B1DB-CD0C5A15876A}
		{044E9E4B-5189-4616-8162-67714B3D2365} = {076393E1-3A44-4539-B1DB-CD0C5A15876A}
		{CB69D19D-6661-424D-99A4-EBF49954DCDC} = {10434D78-0310-4058-B154-BF499658D2FD}
		{870A3073-8E95-44D3-9F77-DF2CAD80060C} = {10434D78-0310-4058-B154-BF499658D2FD}
		{7B392829-F60B-4949-AE35-D05C66AE499D} = {8C8326FA-C2EA-40A4-93E4-CA526EA0B510}
		{7D9191A0-D83E-400A-8877-CA10C89AA9A7} = {7B392829-F60B-4949-AE35-D05C66AE499D}
		{BB552624-B5EA-4AB1-99C2-1F7EC0438E1F} = {7B392829-F60B-4949-AE35-D05C66AE499D}
		{625DC721-A2B4-4517-820F-A09C60E40E29} = {7B392829-F60B-4949-AE35-D05C66AE499D}
		{F8025CE8-DAF2-484C-A18A-C09BB95FA28D} = {8C8326FA-C2EA-40A4-93E4-CA526EA0B510}
		{062437A4-1888-4590-A02E-D7FD66BFEF95} = {F8025CE8-DAF2-484C-A18A-C09BB95FA28D}
		{50B7F8B4-831A-416B-A5D8-F6CBED9FAF89} = {F8025CE8-DAF2-484C-A18A-C09BB95FA28D}
		{B5FA664A-F464-47E5-99F0-4282DF97D373} = {F8025CE8-DAF2-484C-A18A-C09BB95FA28D}
		{CF4AEFC9-FB09-4C2E-A736-58526B434CB6} = {F8025CE8-DAF2-484C-A18A-C09BB95FA28D}
		{C28C3D71-A784-4E4F-8687-EDB663948DD4} = {21C79F53-B155-4524-B72C-13983255644B}
		{52EF2C5B-FBB3-4886-8631-9797443429DD} = {C28C3D71-A784-4E4F-8687-EDB663948DD4}
		{783CFD6A-2759-4F54-B0FA-D588D510F638} = {7B392829-F60B-4949-AE35-D05C66AE499D}
		{C8E1D205-FFF3-4505-9D75-9110D4D1B50D} = {8C8326FA-C2EA-40A4-93E4-CA526EA0B510}
		{B7714E64-29B0-4841-AE76-8FC28E04E983} = {C8E1D205-FFF3-4505-9D75-9110D4D1B50D}
		{D2A1B3AB-72CA-43D1-A0B3-14BC4566884C} = {C8E1D205-FFF3-4505-9D75-9110D4D1B50D}
		{AD3DFE16-BBAF-481B-BCD7-6C55308F457B} = {C8E1D205-FFF3-4505-9D75-9110D4D1B50D}
		{054B0F4C-19C7-4FC5-A399-11A6FFE2B769} = {C8E1D205-FFF3-4505-9D75-9110D4D1B50D}
		{856D3BAD-6F13-471C-B8A6-39BA1161619D} = {8C8326FA-C2EA-40A4-93E4-CA526EA0B510}
		{26732511-3C8B-4E14-8B8D-A881758F680C} = {856D3BAD-6F13-471C-B8A6-39BA1161619D}
	EndGlobalSection
	GlobalSection(ExtensibilityGlobals) = postSolution
		SolutionGuid = {B3570D6E-D605-4492-87AA-9D456C7BEBA3}
	EndGlobalSection
EndGlobal
